{
  "name": "esbuild-plugin-run-node-test",
  "version": "0.1.0",
  "lockfileVersion": 2,
  "requires": true,
  "packages": {
    "": {
      "name": "esbuild-plugin-run-node-test",
      "version": "0.1.0",
      "license": "WTFPL",
      "dependencies": {
        "@swc/core": "^1.2.174"
      },
      "devDependencies": {
        "@types/node": "^17.0.30",
        "esbuild": "^0.14.38",
        "typescript": "^4.6.4"
      }
    },
    "node_modules/@swc/core": {
      "version": "1.2.174",
      "resolved": "https://registry.npmjs.org/@swc/core/-/core-1.2.174.tgz",
      "integrity": "sha512-PbBwwaqrBCyOae+hZV9QK+QeR1azqb+MGKvuk6SVxsk3Rvh1HSX4CieMnuhcmX+Sm4L58eQv9l37ZLCu2hBZcA==",
      "bin": {
        "swcx": "run_swcx.js"
      },
      "engines": {
        "node": ">=10"
      },
      "funding": {
        "type": "opencollective",
        "url": "https://opencollective.com/swc"
      },
      "optionalDependencies": {
        "@swc/core-android-arm-eabi": "1.2.174",
        "@swc/core-android-arm64": "1.2.174",
        "@swc/core-darwin-arm64": "1.2.174",
        "@swc/core-darwin-x64": "1.2.174",
        "@swc/core-freebsd-x64": "1.2.174",
        "@swc/core-linux-arm-gnueabihf": "1.2.174",
        "@swc/core-linux-arm64-gnu": "1.2.174",
        "@swc/core-linux-arm64-musl": "1.2.174",
        "@swc/core-linux-x64-gnu": "1.2.174",
        "@swc/core-linux-x64-musl": "1.2.174",
        "@swc/core-win32-arm64-msvc": "1.2.174",
        "@swc/core-win32-ia32-msvc": "1.2.174",
        "@swc/core-win32-x64-msvc": "1.2.174"
      }
    },
    "node_modules/@swc/core-android-arm-eabi": {
      "version": "1.2.174",
      "resolved": "https://registry.npmjs.org/@swc/core-android-arm-eabi/-/core-android-arm-eabi-1.2.174.tgz",
      "integrity": "sha512-sxH6jIq57wnZ8LyLKN8SXM4DhMo4aTq0mClo+zBMPTyHzNO5AEAwh5nqs+d51Dycs3epur/8iv/J6xDv+cKkfw==",
      "cpu": [
        "arm"
      ],
      "optional": true,
      "os": [
        "android"
      ],
      "engines": {
        "node": ">=10"
      }
    },
    "node_modules/@swc/core-android-arm64": {
      "version": "1.2.174",
      "resolved": "https://registry.npmjs.org/@swc/core-android-arm64/-/core-android-arm64-1.2.174.tgz",
      "integrity": "sha512-gGXBuY8Zs93eNduyrhm+rB+K/smF535uwmamHB1+7BrkuUtt/Lrk3vDTc4D61GMA/vBOqus9IXKHBc+EFmBbog==",
      "cpu": [
        "arm64"
      ],
      "optional": true,
      "os": [
        "android"
      ],
      "engines": {
        "node": ">=10"
      }
    },
    "node_modules/@swc/core-darwin-arm64": {
      "version": "1.2.174",
      "resolved": "https://registry.npmjs.org/@swc/core-darwin-arm64/-/core-darwin-arm64-1.2.174.tgz",
      "integrity": "sha512-dFxu2o8dR55A+d0Qf/Ai0yKnGjon/UT1hWnBY9tcyvgo7XsiFRB/P83tlbVohqq9N+SDVxdBg9bMAR2i8rDTHg==",
      "cpu": [
        "arm64"
      ],
      "optional": true,
      "os": [
        "darwin"
      ],
      "engines": {
        "node": ">=10"
      }
    },
    "node_modules/@swc/core-darwin-x64": {
      "version": "1.2.174",
      "resolved": "https://registry.npmjs.org/@swc/core-darwin-x64/-/core-darwin-x64-1.2.174.tgz",
      "integrity": "sha512-LsANlfBkqfJobPvfojTbUY9xw0ZwTxTicdwaK6BC5TLmYXVfvxvMpmhsvIe3bNlx4jV1z0IrFaJ0YxDSc1s6vw==",
      "cpu": [
        "x64"
      ],
      "optional": true,
      "os": [
        "darwin"
      ],
      "engines": {
        "node": ">=10"
      }
    },
    "node_modules/@swc/core-freebsd-x64": {
      "version": "1.2.174",
      "resolved": "https://registry.npmjs.org/@swc/core-freebsd-x64/-/core-freebsd-x64-1.2.174.tgz",
      "integrity": "sha512-IG0qc9/qUHmiqC6fqT3yq4iBwNRHN1zYbGpzQm4DU/d7DTwsV7D2A+1McFUKmnUOvBG7zdgg5ee91QxUVOCZTQ==",
      "cpu": [
        "x64"
      ],
      "optional": true,
      "os": [
        "freebsd"
      ],
      "engines": {
        "node": ">=10"
      }
    },
    "node_modules/@swc/core-linux-arm-gnueabihf": {
      "version": "1.2.174",
      "resolved": "https://registry.npmjs.org/@swc/core-linux-arm-gnueabihf/-/core-linux-arm-gnueabihf-1.2.174.tgz",
      "integrity": "sha512-nK4U8s9++e5AVEhWz3W6V0tUsPPjYJlMsb4ZzZR2qhYe53YBURCznFIhUDwe0ib/f6T773Tn7sr52uemcQBu8A==",
      "cpu": [
        "arm"
      ],
      "optional": true,
      "os": [
        "linux"
      ],
      "engines": {
        "node": ">=10"
      }
    },
    "node_modules/@swc/core-linux-arm64-gnu": {
      "version": "1.2.174",
      "resolved": "https://registry.npmjs.org/@swc/core-linux-arm64-gnu/-/core-linux-arm64-gnu-1.2.174.tgz",
      "integrity": "sha512-Tf6Ths472ul9Z4p8uFP7vMJXLmBS2h4PQL/zDj3g3N+9D8hs6+tnnBNrkEm6jXs09gO4bvaN+706QxmZUEgyPg==",
      "cpu": [
        "arm64"
      ],
      "optional": true,
      "os": [
        "linux"
      ],
      "engines": {
        "node": ">=10"
      }
    },
    "node_modules/@swc/core-linux-arm64-musl": {
      "version": "1.2.174",
      "resolved": "https://registry.npmjs.org/@swc/core-linux-arm64-musl/-/core-linux-arm64-musl-1.2.174.tgz",
      "integrity": "sha512-vsQjxyCe3+qRMQSuDlYwmFxbRILIycRC8OB/tBhTJXYuwIh4zvpxc+zvSuERbd4cmMWwM/JtXIlP5grSNjgH6A==",
      "cpu": [
        "arm64"
      ],
      "optional": true,
      "os": [
        "linux"
      ],
      "engines": {
        "node": ">=10"
      }
    },
    "node_modules/@swc/core-linux-x64-gnu": {
      "version": "1.2.174",
      "resolved": "https://registry.npmjs.org/@swc/core-linux-x64-gnu/-/core-linux-x64-gnu-1.2.174.tgz",
      "integrity": "sha512-CFEL2WMIQ1mZvvDguaVGgwan9X7Ah7ctHG8SOa+mFaWXdAyVXOWp8sdNMJbqvwYAv980CENfYioI8yL0z1heWA==",
      "cpu": [
        "x64"
      ],
      "optional": true,
      "os": [
        "linux"
      ],
      "engines": {
        "node": ">=10"
      }
    },
    "node_modules/@swc/core-linux-x64-musl": {
      "version": "1.2.174",
      "resolved": "https://registry.npmjs.org/@swc/core-linux-x64-musl/-/core-linux-x64-musl-1.2.174.tgz",
      "integrity": "sha512-qulTJ3GYE8gUR0yfIOJVfo8SSl/AgLKAplskIHJu/cP0JtRpHL8B598mfny6SuD+ZabBjUvAz6d8ACL9JdhYTw==",
      "cpu": [
        "x64"
      ],
      "optional": true,
      "os": [
        "linux"
      ],
      "engines": {
        "node": ">=10"
      }
    },
    "node_modules/@swc/core-win32-arm64-msvc": {
      "version": "1.2.174",
      "resolved": "https://registry.npmjs.org/@swc/core-win32-arm64-msvc/-/core-win32-arm64-msvc-1.2.174.tgz",
      "integrity": "sha512-ZogvH4sOVk3pLguYLlc+3lBlGwJ4WOi375VUqDSb92TirBFPjhX98xDn/Xus1fyRKofSGp1zoAs4w80F6hkX6g==",
      "cpu": [
        "arm64"
      ],
      "optional": true,
      "os": [
        "win32"
      ],
      "engines": {
        "node": ">=10"
      }
    },
    "node_modules/@swc/core-win32-ia32-msvc": {
      "version": "1.2.174",
      "resolved": "https://registry.npmjs.org/@swc/core-win32-ia32-msvc/-/core-win32-ia32-msvc-1.2.174.tgz",
      "integrity": "sha512-QcnXBs2L0O5BiV61orDxJqZsmk2wPUscTTY4upfW5++eCI6IpDYVyfQmtQ9OdVCXWfVEPrhQKuUxLZEjoKxdNQ==",
      "cpu": [
        "ia32"
      ],
      "optional": true,
      "os": [
        "win32"
      ],
      "engines": {
        "node": ">=10"
      }
    },
    "node_modules/@swc/core-win32-x64-msvc": {
      "version": "1.2.174",
      "resolved": "https://registry.npmjs.org/@swc/core-win32-x64-msvc/-/core-win32-x64-msvc-1.2.174.tgz",
      "integrity": "sha512-9aFcbPTFA5jtiTQbOsq+/QN29F/YNpOrhcwsUa2Haqq0+2h71rMiBn7oluUERFQ+/se9J0C00iSC0QXif4pfuQ==",
      "cpu": [
        "x64"
      ],
      "optional": true,
      "os": [
        "win32"
      ],
      "engines": {
        "node": ">=10"
      }
    },
    "node_modules/@types/node": {
      "version": "17.0.30",
      "resolved": "https://registry.npmjs.org/@types/node/-/node-17.0.30.tgz",
      "integrity": "sha512-oNBIZjIqyHYP8VCNAV9uEytXVeXG2oR0w9lgAXro20eugRQfY002qr3CUl6BAe+Yf/z3CRjPdz27Pu6WWtuSRw==",
      "dev": true
    },
    "node_modules/esbuild": {
      "version": "0.14.38",
      "resolved": "https://registry.npmjs.org/esbuild/-/esbuild-0.14.38.tgz",
      "integrity": "sha512-12fzJ0fsm7gVZX1YQ1InkOE5f9Tl7cgf6JPYXRJtPIoE0zkWAbHdPHVPPaLi9tYAcEBqheGzqLn/3RdTOyBfcA==",
      "dev": true,
      "hasInstallScript": true,
      "bin": {
        "esbuild": "bin/esbuild"
      },
      "engines": {
        "node": ">=12"
      },
      "optionalDependencies": {
        "esbuild-android-64": "0.14.38",
        "esbuild-android-arm64": "0.14.38",
        "esbuild-darwin-64": "0.14.38",
        "esbuild-darwin-arm64": "0.14.38",
        "esbuild-freebsd-64": "0.14.38",
        "esbuild-freebsd-arm64": "0.14.38",
        "esbuild-linux-32": "0.14.38",
        "esbuild-linux-64": "0.14.38",
        "esbuild-linux-arm": "0.14.38",
        "esbuild-linux-arm64": "0.14.38",
        "esbuild-linux-mips64le": "0.14.38",
        "esbuild-linux-ppc64le": "0.14.38",
        "esbuild-linux-riscv64": "0.14.38",
        "esbuild-linux-s390x": "0.14.38",
        "esbuild-netbsd-64": "0.14.38",
        "esbuild-openbsd-64": "0.14.38",
        "esbuild-sunos-64": "0.14.38",
        "esbuild-windows-32": "0.14.38",
        "esbuild-windows-64": "0.14.38",
        "esbuild-windows-arm64": "0.14.38"
      }
    },
    "node_modules/esbuild-android-64": {
      "version": "0.14.38",
      "resolved": "https://registry.npmjs.org/esbuild-android-64/-/esbuild-android-64-0.14.38.tgz",
      "integrity": "sha512-aRFxR3scRKkbmNuGAK+Gee3+yFxkTJO/cx83Dkyzo4CnQl/2zVSurtG6+G86EQIZ+w+VYngVyK7P3HyTBKu3nw==",
      "cpu": [
        "x64"
      ],
      "dev": true,
      "optional": true,
      "os": [
        "android"
      ],
      "engines": {
        "node": ">=12"
      }
    },
    "node_modules/esbuild-android-arm64": {
      "version": "0.14.38",
      "resolved": "https://registry.npmjs.org/esbuild-android-arm64/-/esbuild-android-arm64-0.14.38.tgz",
      "integrity": "sha512-L2NgQRWuHFI89IIZIlpAcINy9FvBk6xFVZ7xGdOwIm8VyhX1vNCEqUJO3DPSSy945Gzdg98cxtNt8Grv1CsyhA==",
      "cpu": [
        "arm64"
      ],
      "dev": true,
      "optional": true,
      "os": [
        "android"
      ],
      "engines": {
        "node": ">=12"
      }
    },
    "node_modules/esbuild-darwin-64": {
      "version": "0.14.38",
      "resolved": "https://registry.npmjs.org/esbuild-darwin-64/-/esbuild-darwin-64-0.14.38.tgz",
      "integrity": "sha512-5JJvgXkX87Pd1Og0u/NJuO7TSqAikAcQQ74gyJ87bqWRVeouky84ICoV4sN6VV53aTW+NE87qLdGY4QA2S7KNA==",
      "cpu": [
        "x64"
      ],
      "dev": true,
      "optional": true,
      "os": [
        "darwin"
      ],
      "engines": {
        "node": ">=12"
      }
    },
    "node_modules/esbuild-darwin-arm64": {
      "version": "0.14.38",
      "resolved": "https://registry.npmjs.org/esbuild-darwin-arm64/-/esbuild-darwin-arm64-0.14.38.tgz",
      "integrity": "sha512-eqF+OejMI3mC5Dlo9Kdq/Ilbki9sQBw3QlHW3wjLmsLh+quNfHmGMp3Ly1eWm981iGBMdbtSS9+LRvR2T8B3eQ==",
      "cpu": [
        "arm64"
      ],
      "dev": true,
      "optional": true,
      "os": [
        "darwin"
      ],
      "engines": {
        "node": ">=12"
      }
    },
    "node_modules/esbuild-freebsd-64": {
      "version": "0.14.38",
      "resolved": "https://registry.npmjs.org/esbuild-freebsd-64/-/esbuild-freebsd-64-0.14.38.tgz",
      "integrity": "sha512-epnPbhZUt93xV5cgeY36ZxPXDsQeO55DppzsIgWM8vgiG/Rz+qYDLmh5ts3e+Ln1wA9dQ+nZmVHw+RjaW3I5Ig==",
      "cpu": [
        "x64"
      ],
      "dev": true,
      "optional": true,
      "os": [
        "freebsd"
      ],
      "engines": {
        "node": ">=12"
      }
    },
    "node_modules/esbuild-freebsd-arm64": {
      "version": "0.14.38",
      "resolved": "https://registry.npmjs.org/esbuild-freebsd-arm64/-/esbuild-freebsd-arm64-0.14.38.tgz",
      "integrity": "sha512-/9icXUYJWherhk+y5fjPI5yNUdFPtXHQlwP7/K/zg8t8lQdHVj20SqU9/udQmeUo5pDFHMYzcEFfJqgOVeKNNQ==",
      "cpu": [
        "arm64"
      ],
      "dev": true,
      "optional": true,
      "os": [
        "freebsd"
      ],
      "engines": {
        "node": ">=12"
      }
    },
    "node_modules/esbuild-linux-32": {
      "version": "0.14.38",
      "resolved": "https://registry.npmjs.org/esbuild-linux-32/-/esbuild-linux-32-0.14.38.tgz",
      "integrity": "sha512-QfgfeNHRFvr2XeHFzP8kOZVnal3QvST3A0cgq32ZrHjSMFTdgXhMhmWdKzRXP/PKcfv3e2OW9tT9PpcjNvaq6g==",
      "cpu": [
        "ia32"
      ],
      "dev": true,
      "optional": true,
      "os": [
        "linux"
      ],
      "engines": {
        "node": ">=12"
      }
    },
    "node_modules/esbuild-linux-64": {
      "version": "0.14.38",
      "resolved": "https://registry.npmjs.org/esbuild-linux-64/-/esbuild-linux-64-0.14.38.tgz",
      "integrity": "sha512-uuZHNmqcs+Bj1qiW9k/HZU3FtIHmYiuxZ/6Aa+/KHb/pFKr7R3aVqvxlAudYI9Fw3St0VCPfv7QBpUITSmBR1Q==",
      "cpu": [
        "x64"
      ],
      "dev": true,
      "optional": true,
      "os": [
        "linux"
      ],
      "engines": {
        "node": ">=12"
      }
    },
    "node_modules/esbuild-linux-arm": {
      "version": "0.14.38",
      "resolved": "https://registry.npmjs.org/esbuild-linux-arm/-/esbuild-linux-arm-0.14.38.tgz",
      "integrity": "sha512-FiFvQe8J3VKTDXG01JbvoVRXQ0x6UZwyrU4IaLBZeq39Bsbatd94Fuc3F1RGqPF5RbIWW7RvkVQjn79ejzysnA==",
      "cpu": [
        "arm"
      ],
      "dev": true,
      "optional": true,
      "os": [
        "linux"
      ],
      "engines": {
        "node": ">=12"
      }
    },
    "node_modules/esbuild-linux-arm64": {
      "version": "0.14.38",
      "resolved": "https://registry.npmjs.org/esbuild-linux-arm64/-/esbuild-linux-arm64-0.14.38.tgz",
      "integrity": "sha512-HlMGZTEsBrXrivr64eZ/EO0NQM8H8DuSENRok9d+Jtvq8hOLzrxfsAT9U94K3KOGk2XgCmkaI2KD8hX7F97lvA==",
      "cpu": [
        "arm64"
      ],
      "dev": true,
      "optional": true,
      "os": [
        "linux"
      ],
      "engines": {
        "node": ">=12"
      }
    },
    "node_modules/esbuild-linux-mips64le": {
      "version": "0.14.38",
      "resolved": "https://registry.npmjs.org/esbuild-linux-mips64le/-/esbuild-linux-mips64le-0.14.38.tgz",
      "integrity": "sha512-qd1dLf2v7QBiI5wwfil9j0HG/5YMFBAmMVmdeokbNAMbcg49p25t6IlJFXAeLzogv1AvgaXRXvgFNhScYEUXGQ==",
      "cpu": [
        "mips64el"
      ],
      "dev": true,
      "optional": true,
      "os": [
        "linux"
      ],
      "engines": {
        "node": ">=12"
      }
    },
    "node_modules/esbuild-linux-ppc64le": {
      "version": "0.14.38",
      "resolved": "https://registry.npmjs.org/esbuild-linux-ppc64le/-/esbuild-linux-ppc64le-0.14.38.tgz",
      "integrity": "sha512-mnbEm7o69gTl60jSuK+nn+pRsRHGtDPfzhrqEUXyCl7CTOCLtWN2bhK8bgsdp6J/2NyS/wHBjs1x8aBWwP2X9Q==",
      "cpu": [
        "ppc64"
      ],
      "dev": true,
      "optional": true,
      "os": [
        "linux"
      ],
      "engines": {
        "node": ">=12"
      }
    },
    "node_modules/esbuild-linux-riscv64": {
      "version": "0.14.38",
      "resolved": "https://registry.npmjs.org/esbuild-linux-riscv64/-/esbuild-linux-riscv64-0.14.38.tgz",
      "integrity": "sha512-+p6YKYbuV72uikChRk14FSyNJZ4WfYkffj6Af0/Tw63/6TJX6TnIKE+6D3xtEc7DeDth1fjUOEqm+ApKFXbbVQ==",
      "cpu": [
        "riscv64"
      ],
      "dev": true,
      "optional": true,
      "os": [
        "linux"
      ],
      "engines": {
        "node": ">=12"
      }
    },
    "node_modules/esbuild-linux-s390x": {
      "version": "0.14.38",
      "resolved": "https://registry.npmjs.org/esbuild-linux-s390x/-/esbuild-linux-s390x-0.14.38.tgz",
      "integrity": "sha512-0zUsiDkGJiMHxBQ7JDU8jbaanUY975CdOW1YDrurjrM0vWHfjv9tLQsW9GSyEb/heSK1L5gaweRjzfUVBFoybQ==",
      "cpu": [
        "s390x"
      ],
      "dev": true,
      "optional": true,
      "os": [
        "linux"
      ],
      "engines": {
        "node": ">=12"
      }
    },
    "node_modules/esbuild-netbsd-64": {
      "version": "0.14.38",
      "resolved": "https://registry.npmjs.org/esbuild-netbsd-64/-/esbuild-netbsd-64-0.14.38.tgz",
      "integrity": "sha512-cljBAApVwkpnJZfnRVThpRBGzCi+a+V9Ofb1fVkKhtrPLDYlHLrSYGtmnoTVWDQdU516qYI8+wOgcGZ4XIZh0Q==",
      "cpu": [
        "x64"
      ],
      "dev": true,
      "optional": true,
      "os": [
        "netbsd"
      ],
      "engines": {
        "node": ">=12"
      }
    },
    "node_modules/esbuild-openbsd-64": {
      "version": "0.14.38",
      "resolved": "https://registry.npmjs.org/esbuild-openbsd-64/-/esbuild-openbsd-64-0.14.38.tgz",
      "integrity": "sha512-CDswYr2PWPGEPpLDUO50mL3WO/07EMjnZDNKpmaxUPsrW+kVM3LoAqr/CE8UbzugpEiflYqJsGPLirThRB18IQ==",
      "cpu": [
        "x64"
      ],
      "dev": true,
      "optional": true,
      "os": [
        "openbsd"
      ],
      "engines": {
        "node": ">=12"
      }
    },
    "node_modules/esbuild-sunos-64": {
      "version": "0.14.38",
      "resolved": "https://registry.npmjs.org/esbuild-sunos-64/-/esbuild-sunos-64-0.14.38.tgz",
      "integrity": "sha512-2mfIoYW58gKcC3bck0j7lD3RZkqYA7MmujFYmSn9l6TiIcAMpuEvqksO+ntBgbLep/eyjpgdplF7b+4T9VJGOA==",
      "cpu": [
        "x64"
      ],
      "dev": true,
      "optional": true,
      "os": [
        "sunos"
      ],
      "engines": {
        "node": ">=12"
      }
    },
    "node_modules/esbuild-windows-32": {
      "version": "0.14.38",
      "resolved": "https://registry.npmjs.org/esbuild-windows-32/-/esbuild-windows-32-0.14.38.tgz",
      "integrity": "sha512-L2BmEeFZATAvU+FJzJiRLFUP+d9RHN+QXpgaOrs2klshoAm1AE6Us4X6fS9k33Uy5SzScn2TpcgecbqJza1Hjw==",
      "cpu": [
        "ia32"
      ],
      "dev": true,
      "optional": true,
      "os": [
        "win32"
      ],
      "engines": {
        "node": ">=12"
      }
    },
    "node_modules/esbuild-windows-64": {
      "version": "0.14.38",
      "resolved": "https://registry.npmjs.org/esbuild-windows-64/-/esbuild-windows-64-0.14.38.tgz",
      "integrity": "sha512-Khy4wVmebnzue8aeSXLC+6clo/hRYeNIm0DyikoEqX+3w3rcvrhzpoix0S+MF9vzh6JFskkIGD7Zx47ODJNyCw==",
      "cpu": [
        "x64"
      ],
      "dev": true,
      "optional": true,
      "os": [
        "win32"
      ],
      "engines": {
        "node": ">=12"
      }
    },
    "node_modules/esbuild-windows-arm64": {
      "version": "0.14.38",
      "resolved": "https://registry.npmjs.org/esbuild-windows-arm64/-/esbuild-windows-arm64-0.14.38.tgz",
      "integrity": "sha512-k3FGCNmHBkqdJXuJszdWciAH77PukEyDsdIryEHn9cKLQFxzhT39dSumeTuggaQcXY57UlmLGIkklWZo2qzHpw==",
      "cpu": [
        "arm64"
      ],
      "dev": true,
      "optional": true,
      "os": [
        "win32"
      ],
      "engines": {
        "node": ">=12"
      }
    },
    "node_modules/typescript": {
      "version": "4.6.4",
      "resolved": "https://registry.npmjs.org/typescript/-/typescript-4.6.4.tgz",
      "integrity": "sha512-9ia/jWHIEbo49HfjrLGfKbZSuWo9iTMwXO+Ca3pRsSpbsMbc7/IU8NKdCZVRRBafVPGnoJeFL76ZOAA84I9fEg==",
      "dev": true,
      "bin": {
        "tsc": "bin/tsc",
        "tsserver": "bin/tsserver"
      },
      "engines": {
        "node": ">=4.2.0"
      }
    }
  },
  "dependencies": {
    "@swc/core": {
      "version": "1.2.174",
      "resolved": "https://registry.npmjs.org/@swc/core/-/core-1.2.174.tgz",
      "integrity": "sha512-PbBwwaqrBCyOae+hZV9QK+QeR1azqb+MGKvuk6SVxsk3Rvh1HSX4CieMnuhcmX+Sm4L58eQv9l37ZLCu2hBZcA==",
      "requires": {
        "@swc/core-android-arm-eabi": "1.2.174",
        "@swc/core-android-arm64": "1.2.174",
        "@swc/core-darwin-arm64": "1.2.174",
        "@swc/core-darwin-x64": "1.2.174",
        "@swc/core-freebsd-x64": "1.2.174",
        "@swc/core-linux-arm-gnueabihf": "1.2.174",
        "@swc/core-linux-arm64-gnu": "1.2.174",
        "@swc/core-linux-arm64-musl": "1.2.174",
        "@swc/core-linux-x64-gnu": "1.2.174",
        "@swc/core-linux-x64-musl": "1.2.174",
        "@swc/core-win32-arm64-msvc": "1.2.174",
        "@swc/core-win32-ia32-msvc": "1.2.174",
        "@swc/core-win32-x64-msvc": "1.2.174"
      }
    },
    "@swc/core-android-arm-eabi": {
      "version": "1.2.174",
      "resolved": "https://registry.npmjs.org/@swc/core-android-arm-eabi/-/core-android-arm-eabi-1.2.174.tgz",
      "integrity": "sha512-sxH6jIq57wnZ8LyLKN8SXM4DhMo4aTq0mClo+zBMPTyHzNO5AEAwh5nqs+d51Dycs3epur/8iv/J6xDv+cKkfw==",
      "optional": true
    },
    "@swc/core-android-arm64": {
      "version": "1.2.174",
      "resolved": "https://registry.npmjs.org/@swc/core-android-arm64/-/core-android-arm64-1.2.174.tgz",
      "integrity": "sha512-gGXBuY8Zs93eNduyrhm+rB+K/smF535uwmamHB1+7BrkuUtt/Lrk3vDTc4D61GMA/vBOqus9IXKHBc+EFmBbog==",
      "optional": true
    },
    "@swc/core-darwin-arm64": {
      "version": "1.2.174",
      "resolved": "https://registry.npmjs.org/@swc/core-darwin-arm64/-/core-darwin-arm64-1.2.174.tgz",
      "integrity": "sha512-dFxu2o8dR55A+d0Qf/Ai0yKnGjon/UT1hWnBY9tcyvgo7XsiFRB/P83tlbVohqq9N+SDVxdBg9bMAR2i8rDTHg==",
      "optional": true
    },
    "@swc/core-darwin-x64": {
      "version": "1.2.174",
      "resolved": "https://registry.npmjs.org/@swc/core-darwin-x64/-/core-darwin-x64-1.2.174.tgz",
      "integrity": "sha512-LsANlfBkqfJobPvfojTbUY9xw0ZwTxTicdwaK6BC5TLmYXVfvxvMpmhsvIe3bNlx4jV1z0IrFaJ0YxDSc1s6vw==",
      "optional": true
    },
    "@swc/core-freebsd-x64": {
      "version": "1.2.174",
      "resolved": "https://registry.npmjs.org/@swc/core-freebsd-x64/-/core-freebsd-x64-1.2.174.tgz",
      "integrity": "sha512-IG0qc9/qUHmiqC6fqT3yq4iBwNRHN1zYbGpzQm4DU/d7DTwsV7D2A+1McFUKmnUOvBG7zdgg5ee91QxUVOCZTQ==",
      "optional": true
    },
    "@swc/core-linux-arm-gnueabihf": {
      "version": "1.2.174",
      "resolved": "https://registry.npmjs.org/@swc/core-linux-arm-gnueabihf/-/core-linux-arm-gnueabihf-1.2.174.tgz",
      "integrity": "sha512-nK4U8s9++e5AVEhWz3W6V0tUsPPjYJlMsb4ZzZR2qhYe53YBURCznFIhUDwe0ib/f6T773Tn7sr52uemcQBu8A==",
      "optional": true
    },
    "@swc/core-linux-arm64-gnu": {
      "version": "1.2.174",
      "resolved": "https://registry.npmjs.org/@swc/core-linux-arm64-gnu/-/core-linux-arm64-gnu-1.2.174.tgz",
      "integrity": "sha512-Tf6Ths472ul9Z4p8uFP7vMJXLmBS2h4PQL/zDj3g3N+9D8hs6+tnnBNrkEm6jXs09gO4bvaN+706QxmZUEgyPg==",
      "optional": true
    },
    "@swc/core-linux-arm64-musl": {
      "version": "1.2.174",
      "resolved": "https://registry.npmjs.org/@swc/core-linux-arm64-musl/-/core-linux-arm64-musl-1.2.174.tgz",
      "integrity": "sha512-vsQjxyCe3+qRMQSuDlYwmFxbRILIycRC8OB/tBhTJXYuwIh4zvpxc+zvSuERbd4cmMWwM/JtXIlP5grSNjgH6A==",
      "optional": true
    },
    "@swc/core-linux-x64-gnu": {
      "version": "1.2.174",
      "resolved": "https://registry.npmjs.org/@swc/core-linux-x64-gnu/-/core-linux-x64-gnu-1.2.174.tgz",
      "integrity": "sha512-CFEL2WMIQ1mZvvDguaVGgwan9X7Ah7ctHG8SOa+mFaWXdAyVXOWp8sdNMJbqvwYAv980CENfYioI8yL0z1heWA==",
      "optional": true
    },
    "@swc/core-linux-x64-musl": {
      "version": "1.2.174",
      "resolved": "https://registry.npmjs.org/@swc/core-linux-x64-musl/-/core-linux-x64-musl-1.2.174.tgz",
      "integrity": "sha512-qulTJ3GYE8gUR0yfIOJVfo8SSl/AgLKAplskIHJu/cP0JtRpHL8B598mfny6SuD+ZabBjUvAz6d8ACL9JdhYTw==",
      "optional": true
    },
    "@swc/core-win32-arm64-msvc": {
      "version": "1.2.174",
      "resolved": "https://registry.npmjs.org/@swc/core-win32-arm64-msvc/-/core-win32-arm64-msvc-1.2.174.tgz",
      "integrity": "sha512-ZogvH4sOVk3pLguYLlc+3lBlGwJ4WOi375VUqDSb92TirBFPjhX98xDn/Xus1fyRKofSGp1zoAs4w80F6hkX6g==",
      "optional": true
    },
    "@swc/core-win32-ia32-msvc": {
      "version": "1.2.174",
      "resolved": "https://registry.npmjs.org/@swc/core-win32-ia32-msvc/-/core-win32-ia32-msvc-1.2.174.tgz",
      "integrity": "sha512-QcnXBs2L0O5BiV61orDxJqZsmk2wPUscTTY4upfW5++eCI6IpDYVyfQmtQ9OdVCXWfVEPrhQKuUxLZEjoKxdNQ==",
      "optional": true
    },
    "@swc/core-win32-x64-msvc": {
      "version": "1.2.174",
      "resolved": "https://registry.npmjs.org/@swc/core-win32-x64-msvc/-/core-win32-x64-msvc-1.2.174.tgz",
      "integrity": "sha512-9aFcbPTFA5jtiTQbOsq+/QN29F/YNpOrhcwsUa2Haqq0+2h71rMiBn7oluUERFQ+/se9J0C00iSC0QXif4pfuQ==",
      "optional": true
    },
    "@types/node": {
      "version": "17.0.30",
      "resolved": "https://registry.npmjs.org/@types/node/-/node-17.0.30.tgz",
      "integrity": "sha512-oNBIZjIqyHYP8VCNAV9uEytXVeXG2oR0w9lgAXro20eugRQfY002qr3CUl6BAe+Yf/z3CRjPdz27Pu6WWtuSRw==",
      "dev": true
    },
    "esbuild": {
      "version": "0.14.38",
      "resolved": "https://registry.npmjs.org/esbuild/-/esbuild-0.14.38.tgz",
      "integrity": "sha512-12fzJ0fsm7gVZX1YQ1InkOE5f9Tl7cgf6JPYXRJtPIoE0zkWAbHdPHVPPaLi9tYAcEBqheGzqLn/3RdTOyBfcA==",
      "dev": true,
      "requires": {
        "esbuild-android-64": "0.14.38",
        "esbuild-android-arm64": "0.14.38",
        "esbuild-darwin-64": "0.14.38",
        "esbuild-darwin-arm64": "0.14.38",
        "esbuild-freebsd-64": "0.14.38",
        "esbuild-freebsd-arm64": "0.14.38",
        "esbuild-linux-32": "0.14.38",
        "esbuild-linux-64": "0.14.38",
        "esbuild-linux-arm": "0.14.38",
        "esbuild-linux-arm64": "0.14.38",
        "esbuild-linux-mips64le": "0.14.38",
        "esbuild-linux-ppc64le": "0.14.38",
        "esbuild-linux-riscv64": "0.14.38",
        "esbuild-linux-s390x": "0.14.38",
        "esbuild-netbsd-64": "0.14.38",
        "esbuild-openbsd-64": "0.14.38",
        "esbuild-sunos-64": "0.14.38",
        "esbuild-windows-32": "0.14.38",
        "esbuild-windows-64": "0.14.38",
        "esbuild-windows-arm64": "0.14.38"
      }
    },
    "esbuild-android-64": {
      "version": "0.14.38",
      "resolved": "https://registry.npmjs.org/esbuild-android-64/-/esbuild-android-64-0.14.38.tgz",
      "integrity": "sha512-aRFxR3scRKkbmNuGAK+Gee3+yFxkTJO/cx83Dkyzo4CnQl/2zVSurtG6+G86EQIZ+w+VYngVyK7P3HyTBKu3nw==",
      "dev": true,
      "optional": true
    },
    "esbuild-android-arm64": {
      "version": "0.14.38",
      "resolved": "https://registry.npmjs.org/esbuild-android-arm64/-/esbuild-android-arm64-0.14.38.tgz",
      "integrity": "sha512-L2NgQRWuHFI89IIZIlpAcINy9FvBk6xFVZ7xGdOwIm8VyhX1vNCEqUJO3DPSSy945Gzdg98cxtNt8Grv1CsyhA==",
      "dev": true,
      "optional": true
    },
    "esbuild-darwin-64": {
      "version": "0.14.38",
      "resolved": "https://registry.npmjs.org/esbuild-darwin-64/-/esbuild-darwin-64-0.14.38.tgz",
      "integrity": "sha512-5JJvgXkX87Pd1Og0u/NJuO7TSqAikAcQQ74gyJ87bqWRVeouky84ICoV4sN6VV53aTW+NE87qLdGY4QA2S7KNA==",
      "dev": true,
      "optional": true
    },
    "esbuild-darwin-arm64": {
      "version": "0.14.38",
      "resolved": "https://registry.npmjs.org/esbuild-darwin-arm64/-/esbuild-darwin-arm64-0.14.38.tgz",
      "integrity": "sha512-eqF+OejMI3mC5Dlo9Kdq/Ilbki9sQBw3QlHW3wjLmsLh+quNfHmGMp3Ly1eWm981iGBMdbtSS9+LRvR2T8B3eQ==",
      "dev": true,
      "optional": true
    },
    "esbuild-freebsd-64": {
      "version": "0.14.38",
      "resolved": "https://registry.npmjs.org/esbuild-freebsd-64/-/esbuild-freebsd-64-0.14.38.tgz",
      "integrity": "sha512-epnPbhZUt93xV5cgeY36ZxPXDsQeO55DppzsIgWM8vgiG/Rz+qYDLmh5ts3e+Ln1wA9dQ+nZmVHw+RjaW3I5Ig==",
      "dev": true,
      "optional": true
    },
    "esbuild-freebsd-arm64": {
      "version": "0.14.38",
      "resolved": "https://registry.npmjs.org/esbuild-freebsd-arm64/-/esbuild-freebsd-arm64-0.14.38.tgz",
      "integrity": "sha512-/9icXUYJWherhk+y5fjPI5yNUdFPtXHQlwP7/K/zg8t8lQdHVj20SqU9/udQmeUo5pDFHMYzcEFfJqgOVeKNNQ==",
      "dev": true,
      "optional": true
    },
    "esbuild-linux-32": {
      "version": "0.14.38",
      "resolved": "https://registry.npmjs.org/esbuild-linux-32/-/esbuild-linux-32-0.14.38.tgz",
      "integrity": "sha512-QfgfeNHRFvr2XeHFzP8kOZVnal3QvST3A0cgq32ZrHjSMFTdgXhMhmWdKzRXP/PKcfv3e2OW9tT9PpcjNvaq6g==",
      "dev": true,
      "optional": true
    },
    "esbuild-linux-64": {
      "version": "0.14.38",
      "resolved": "https://registry.npmjs.org/esbuild-linux-64/-/esbuild-linux-64-0.14.38.tgz",
      "integrity": "sha512-uuZHNmqcs+Bj1qiW9k/HZU3FtIHmYiuxZ/6Aa+/KHb/pFKr7R3aVqvxlAudYI9Fw3St0VCPfv7QBpUITSmBR1Q==",
      "dev": true,
      "optional": true
    },
    "esbuild-linux-arm": {
      "version": "0.14.38",
      "resolved": "https://registry.npmjs.org/esbuild-linux-arm/-/esbuild-linux-arm-0.14.38.tgz",
      "integrity": "sha512-FiFvQe8J3VKTDXG01JbvoVRXQ0x6UZwyrU4IaLBZeq39Bsbatd94Fuc3F1RGqPF5RbIWW7RvkVQjn79ejzysnA==",
      "dev": true,
      "optional": true
    },
    "esbuild-linux-arm64": {
      "version": "0.14.38",
      "resolved": "https://registry.npmjs.org/esbuild-linux-arm64/-/esbuild-linux-arm64-0.14.38.tgz",
      "integrity": "sha512-HlMGZTEsBrXrivr64eZ/EO0NQM8H8DuSENRok9d+Jtvq8hOLzrxfsAT9U94K3KOGk2XgCmkaI2KD8hX7F97lvA==",
      "dev": true,
      "optional": true
    },
    "esbuild-linux-mips64le": {
      "version": "0.14.38",
      "resolved": "https://registry.npmjs.org/esbuild-linux-mips64le/-/esbuild-linux-mips64le-0.14.38.tgz",
      "integrity": "sha512-qd1dLf2v7QBiI5wwfil9j0HG/5YMFBAmMVmdeokbNAMbcg49p25t6IlJFXAeLzogv1AvgaXRXvgFNhScYEUXGQ==",
      "dev": true,
      "optional": true
    },
    "esbuild-linux-ppc64le": {
      "version": "0.14.38",
      "resolved": "https://registry.npmjs.org/esbuild-linux-ppc64le/-/esbuild-linux-ppc64le-0.14.38.tgz",
      "integrity": "sha512-mnbEm7o69gTl60jSuK+nn+pRsRHGtDPfzhrqEUXyCl7CTOCLtWN2bhK8bgsdp6J/2NyS/wHBjs1x8aBWwP2X9Q==",
      "dev": true,
      "optional": true
    },
    "esbuild-linux-riscv64": {
      "version": "0.14.38",
      "resolved": "https://registry.npmjs.org/esbuild-linux-riscv64/-/esbuild-linux-riscv64-0.14.38.tgz",
      "integrity": "sha512-+p6YKYbuV72uikChRk14FSyNJZ4WfYkffj6Af0/Tw63/6TJX6TnIKE+6D3xtEc7DeDth1fjUOEqm+ApKFXbbVQ==",
      "dev": true,
      "optional": true
    },
    "esbuild-linux-s390x": {
      "version": "0.14.38",
      "resolved": "https://registry.npmjs.org/esbuild-linux-s390x/-/esbuild-linux-s390x-0.14.38.tgz",
      "integrity": "sha512-0zUsiDkGJiMHxBQ7JDU8jbaanUY975CdOW1YDrurjrM0vWHfjv9tLQsW9GSyEb/heSK1L5gaweRjzfUVBFoybQ==",
      "dev": true,
      "optional": true
    },
    "esbuild-netbsd-64": {
      "version": "0.14.38",
      "resolved": "https://registry.npmjs.org/esbuild-netbsd-64/-/esbuild-netbsd-64-0.14.38.tgz",
      "integrity": "sha512-cljBAApVwkpnJZfnRVThpRBGzCi+a+V9Ofb1fVkKhtrPLDYlHLrSYGtmnoTVWDQdU516qYI8+wOgcGZ4XIZh0Q==",
      "dev": true,
      "optional": true
    },
    "esbuild-openbsd-64": {
      "version": "0.14.38",
      "resolved": "https://registry.npmjs.org/esbuild-openbsd-64/-/esbuild-openbsd-64-0.14.38.tgz",
      "integrity": "sha512-CDswYr2PWPGEPpLDUO50mL3WO/07EMjnZDNKpmaxUPsrW+kVM3LoAqr/CE8UbzugpEiflYqJsGPLirThRB18IQ==",
      "dev": true,
      "optional": true
    },
    "esbuild-sunos-64": {
      "version": "0.14.38",
      "resolved": "https://registry.npmjs.org/esbuild-sunos-64/-/esbuild-sunos-64-0.14.38.tgz",
      "integrity": "sha512-2mfIoYW58gKcC3bck0j7lD3RZkqYA7MmujFYmSn9l6TiIcAMpuEvqksO+ntBgbLep/eyjpgdplF7b+4T9VJGOA==",
      "dev": true,
      "optional": true
    },
    "esbuild-windows-32": {
      "version": "0.14.38",
      "resolved": "https://registry.npmjs.org/esbuild-windows-32/-/esbuild-windows-32-0.14.38.tgz",
      "integrity": "sha512-L2BmEeFZATAvU+FJzJiRLFUP+d9RHN+QXpgaOrs2klshoAm1AE6Us4X6fS9k33Uy5SzScn2TpcgecbqJza1Hjw==",
      "dev": true,
      "optional": true
    },
    "esbuild-windows-64": {
      "version": "0.14.38",
      "resolved": "https://registry.npmjs.org/esbuild-windows-64/-/esbuild-windows-64-0.14.38.tgz",
      "integrity": "sha512-Khy4wVmebnzue8aeSXLC+6clo/hRYeNIm0DyikoEqX+3w3rcvrhzpoix0S+MF9vzh6JFskkIGD7Zx47ODJNyCw==",
      "dev": true,
      "optional": true
    },
    "esbuild-windows-arm64": {
      "version": "0.14.38",
      "resolved": "https://registry.npmjs.org/esbuild-windows-arm64/-/esbuild-windows-arm64-0.14.38.tgz",
      "integrity": "sha512-k3FGCNmHBkqdJXuJszdWciAH77PukEyDsdIryEHn9cKLQFxzhT39dSumeTuggaQcXY57UlmLGIkklWZo2qzHpw==",
      "dev": true,
      "optional": true
    },
    "typescript": {
      "version": "4.6.4",
      "resolved": "https://registry.npmjs.org/typescript/-/typescript-4.6.4.tgz",
      "integrity": "sha512-9ia/jWHIEbo49HfjrLGfKbZSuWo9iTMwXO+Ca3pRsSpbsMbc7/IU8NKdCZVRRBafVPGnoJeFL76ZOAA84I9fEg==",
      "dev": true
    }
  }
}
